
Microsoft Visual Studio Solution File, Format Version 12.00
# Visual Studio Version 16
VisualStudioVersion = 16.0.31702.278
MinimumVisualStudioVersion = 10.0.40219.1
Project("{FAE04EC0-301F-11D3-BF4B-00C04F79EFBC}") = "CommonHRActionReusables", "CommonHRActionReusables\CommonHRActionReusables.csproj", "{B78B1DC9-1990-4150-8006-8ADF4384939F}"
EndProject
Project("{FAE04EC0-301F-11D3-BF4B-00C04F79EFBC}") = "CommonHRActionReusables_UseCases", "CommonHRActionReusables_UseCases\CommonHRActionReusables_UseCases.csproj", "{7498CC45-D0A2-4DF7-8F9B-ECD1B6E7B709}"
EndProject
Project("{FAE04EC0-301F-11D3-BF4B-00C04F79EFBC}") = "CommonHRActionReusables_UnitTests", "CommonHRActionReusables_UnitTests\CommonHRActionReusables_UnitTests.csproj", "{F2288C0D-E155-41C6-B92E-AA10C77CB8EB}"
EndProject
Global
	GlobalSection(SolutionConfigurationPlatforms) = preSolution
		Debug|Any CPU = Debug|Any CPU
		Release|Any CPU = Release|Any CPU
	EndGlobalSection
	GlobalSection(ProjectConfigurationPlatforms) = postSolution
		{B78B1DC9-1990-4150-8006-8ADF4384939F}.Debug|Any CPU.ActiveCfg = Debug|Any CPU
		{B78B1DC9-1990-4150-8006-8ADF4384939F}.Debug|Any CPU.Build.0 = Debug|Any CPU
		{B78B1DC9-1990-4150-8006-8ADF4384939F}.Release|Any CPU.ActiveCfg = Release|Any CPU
		{B78B1DC9-1990-4150-8006-8ADF4384939F}.Release|Any CPU.Build.0 = Release|Any CPU
		{7498CC45-D0A2-4DF7-8F9B-ECD1B6E7B709}.Debug|Any CPU.ActiveCfg = Debug|Any CPU
		{7498CC45-D0A2-4DF7-8F9B-ECD1B6E7B709}.Debug|Any CPU.Build.0 = Debug|Any CPU
		{7498CC45-D0A2-4DF7-8F9B-ECD1B6E7B709}.Release|Any CPU.ActiveCfg = Release|Any CPU
		{7498CC45-D0A2-4DF7-8F9B-ECD1B6E7B709}.Release|Any CPU.Build.0 = Release|Any CPU
		{F2288C0D-E155-41C6-B92E-AA10C77CB8EB}.Debug|Any CPU.ActiveCfg = Debug|Any CPU
		{F2288C0D-E155-41C6-B92E-AA10C77CB8EB}.Debug|Any CPU.Build.0 = Debug|Any CPU
		{F2288C0D-E155-41C6-B92E-AA10C77CB8EB}.Release|Any CPU.ActiveCfg = Release|Any CPU
		{F2288C0D-E155-41C6-B92E-AA10C77CB8EB}.Release|Any CPU.Build.0 = Release|Any CPU
	EndGlobalSection
	GlobalSection(SolutionProperties) = preSolution
		HideSolutionNode = FALSE
	EndGlobalSection
	GlobalSection(ExtensibilityGlobals) = postSolution
		SolutionGuid = {B6CAE49F-0E58-43C7-8815-5BEF13DBB8EF}
	EndGlobalSection
EndGlobal
